
Microsoft Visual Studio Solution File, Format Version 12.00
# Visual Studio Version 16
VisualStudioVersion = 16.0.28803.202
MinimumVisualStudioVersion = 10.0.40219.1
Project("{FAE04EC0-301F-11D3-BF4B-00C04F79EFBC}") = "Formula general y binomio al cuadrado perfecto N3", "Formula general y binomio al cuadrado perfecto N3\Formula general y binomio al cuadrado perfecto N3.csproj", "{B21EA5C2-B745-4827-82EF-01F21B272985}"
EndProject
Global
	GlobalSection(SolutionConfigurationPlatforms) = preSolution
		Debug|Any CPU = Debug|Any CPU
		Release|Any CPU = Release|Any CPU
	EndGlobalSection
	GlobalSection(ProjectConfigurationPlatforms) = postSolution
		{B21EA5C2-B745-4827-82EF-01F21B272985}.Debug|Any CPU.ActiveCfg = Debug|Any CPU
		{B21EA5C2-B745-4827-82EF-01F21B272985}.Debug|Any CPU.Build.0 = Debug|Any CPU
		{B21EA5C2-B745-4827-82EF-01F21B272985}.Release|Any CPU.ActiveCfg = Release|Any CPU
		{B21EA5C2-B745-4827-82EF-01F21B272985}.Release|Any CPU.Build.0 = Release|Any CPU
	EndGlobalSection
	GlobalSection(SolutionProperties) = preSolution
		HideSolutionNode = FALSE
	EndGlobalSection
	GlobalSection(ExtensibilityGlobals) = postSolution
		SolutionGuid = {1737B3E7-7A1B-4A89-8F93-58800ADE38B5}
	EndGlobalSection
EndGlobal
